
Microsoft Visual Studio Solution File, Format Version 12.00
# Visual Studio Version 17
VisualStudioVersion = 17.8.34511.84
MinimumVisualStudioVersion = 10.0.40219.1
Project("{FAE04EC0-301F-11D3-BF4B-00C04F79EFBC}") = "Marlin Space Science Sensor App", "Marlin Space Science Sensor App\Marlin Space Science Sensor App.csproj", "{7FBBA3A6-4F48-48D1-9474-8155D06ADF57}"
EndProject
Global
	GlobalSection(SolutionConfigurationPlatforms) = preSolution
		Debug|Any CPU = Debug|Any CPU
		Release|Any CPU = Release|Any CPU
	EndGlobalSection
	GlobalSection(ProjectConfigurationPlatforms) = postSolution
		{7FBBA3A6-4F48-48D1-9474-8155D06ADF57}.Debug|Any CPU.ActiveCfg = Debug|Any CPU
		{7FBBA3A6-4F48-48D1-9474-8155D06ADF57}.Debug|Any CPU.Build.0 = Debug|Any CPU
		{7FBBA3A6-4F48-48D1-9474-8155D06ADF57}.Release|Any CPU.ActiveCfg = Release|Any CPU
		{7FBBA3A6-4F48-48D1-9474-8155D06ADF57}.Release|Any CPU.Build.0 = Release|Any CPU
	EndGlobalSection
	GlobalSection(SolutionProperties) = preSolution
		HideSolutionNode = FALSE
	EndGlobalSection
	GlobalSection(ExtensibilityGlobals) = postSolution
		SolutionGuid = {868211A2-1E73-44F8-A3C1-0457BB18D36C}
	EndGlobalSection
EndGlobal
